
Microsoft Visual Studio Solution File, Format Version 12.00
# Visual Studio 15
VisualStudioVersion = 15.0.27428.2002
MinimumVisualStudioVersion = 10.0.40219.1
Project("{FAE04EC0-301F-11D3-BF4B-00C04F79EFBC}") = "FileToLINQ", "FileToLINQ.csproj", "{213B75A8-9CA8-4721-9F28-73532F225D59}"
EndProject
Project("{FAE04EC0-301F-11D3-BF4B-00C04F79EFBC}") = "FileToLINQ35", "FileToLINQ35.csproj", "{AC3EB634-5D75-4E8F-A5DC-CF4C74F6BC69}"
EndProject
Project("{FAE04EC0-301F-11D3-BF4B-00C04F79EFBC}") = "WinTest", "..\WinTest\WinTest.csproj", "{FDAEEA1B-0974-479D-B40C-C4BB62803258}"
EndProject
Global
	GlobalSection(SolutionConfigurationPlatforms) = preSolution
		Debug|Any CPU = Debug|Any CPU
		Release|Any CPU = Release|Any CPU
	EndGlobalSection
	GlobalSection(ProjectConfigurationPlatforms) = postSolution
		{213B75A8-9CA8-4721-9F28-73532F225D59}.Debug|Any CPU.ActiveCfg = Debug|Any CPU
		{213B75A8-9CA8-4721-9F28-73532F225D59}.Debug|Any CPU.Build.0 = Debug|Any CPU
		{213B75A8-9CA8-4721-9F28-73532F225D59}.Release|Any CPU.ActiveCfg = Release|Any CPU
		{213B75A8-9CA8-4721-9F28-73532F225D59}.Release|Any CPU.Build.0 = Release|Any CPU
		{AC3EB634-5D75-4E8F-A5DC-CF4C74F6BC69}.Debug|Any CPU.ActiveCfg = Debug|Any CPU
		{AC3EB634-5D75-4E8F-A5DC-CF4C74F6BC69}.Debug|Any CPU.Build.0 = Debug|Any CPU
		{AC3EB634-5D75-4E8F-A5DC-CF4C74F6BC69}.Release|Any CPU.ActiveCfg = Release|Any CPU
		{AC3EB634-5D75-4E8F-A5DC-CF4C74F6BC69}.Release|Any CPU.Build.0 = Release|Any CPU
		{FDAEEA1B-0974-479D-B40C-C4BB62803258}.Debug|Any CPU.ActiveCfg = Debug|Any CPU
		{FDAEEA1B-0974-479D-B40C-C4BB62803258}.Debug|Any CPU.Build.0 = Debug|Any CPU
		{FDAEEA1B-0974-479D-B40C-C4BB62803258}.Release|Any CPU.ActiveCfg = Release|Any CPU
		{FDAEEA1B-0974-479D-B40C-C4BB62803258}.Release|Any CPU.Build.0 = Release|Any CPU
	EndGlobalSection
	GlobalSection(SolutionProperties) = preSolution
		HideSolutionNode = FALSE
	EndGlobalSection
	GlobalSection(ExtensibilityGlobals) = postSolution
		SolutionGuid = {4022D3E9-9C75-4270-A423-710EDC4F9B36}
	EndGlobalSection
EndGlobal
